
Microsoft Visual Studio Solution File, Format Version 12.00
# Visual Studio Version 16
VisualStudioVersion = 16.0.31105.61
MinimumVisualStudioVersion = 10.0.40219.1
Project("{FAE04EC0-301F-11D3-BF4B-00C04F79EFBC}") = "xmlSerializerTest", "xmlSerializerTest\xmlSerializerTest.csproj", "{A7322380-02B2-4E07-A736-6447A4135EF8}"
EndProject
Global
	GlobalSection(SolutionConfigurationPlatforms) = preSolution
		Debug|Any CPU = Debug|Any CPU
		Release|Any CPU = Release|Any CPU
	EndGlobalSection
	GlobalSection(ProjectConfigurationPlatforms) = postSolution
		{A7322380-02B2-4E07-A736-6447A4135EF8}.Debug|Any CPU.ActiveCfg = Debug|Any CPU
		{A7322380-02B2-4E07-A736-6447A4135EF8}.Debug|Any CPU.Build.0 = Debug|Any CPU
		{A7322380-02B2-4E07-A736-6447A4135EF8}.Release|Any CPU.ActiveCfg = Release|Any CPU
		{A7322380-02B2-4E07-A736-6447A4135EF8}.Release|Any CPU.Build.0 = Release|Any CPU
	EndGlobalSection
	GlobalSection(SolutionProperties) = preSolution
		HideSolutionNode = FALSE
	EndGlobalSection
	GlobalSection(ExtensibilityGlobals) = postSolution
		SolutionGuid = {37223E48-86C5-458D-A1A7-B1CB52A6D8D6}
	EndGlobalSection
EndGlobal
